
Microsoft Visual Studio Solution File, Format Version 12.00
# Visual Studio 2012
Project("{FAE04EC0-301F-11D3-BF4B-00C04F79EFBC}") = "dateTimeCS", "dateTimeCS\dateTimeCS.csproj", "{4B31E6CE-B128-4776-A57E-38C2BC6054FA}"
EndProject
Global
	GlobalSection(SolutionConfigurationPlatforms) = preSolution
		Debug|Any CPU = Debug|Any CPU
		Release|Any CPU = Release|Any CPU
	EndGlobalSection
	GlobalSection(ProjectConfigurationPlatforms) = postSolution
		{4B31E6CE-B128-4776-A57E-38C2BC6054FA}.Debug|Any CPU.ActiveCfg = Debug|Any CPU
		{4B31E6CE-B128-4776-A57E-38C2BC6054FA}.Debug|Any CPU.Build.0 = Debug|Any CPU
		{4B31E6CE-B128-4776-A57E-38C2BC6054FA}.Release|Any CPU.ActiveCfg = Release|Any CPU
		{4B31E6CE-B128-4776-A57E-38C2BC6054FA}.Release|Any CPU.Build.0 = Release|Any CPU
	EndGlobalSection
	GlobalSection(SolutionProperties) = preSolution
		HideSolutionNode = FALSE
	EndGlobalSection
EndGlobal
